
Microsoft Visual Studio Solution File, Format Version 12.00
# Visual Studio 15
VisualStudioVersion = 15.0.27428.2002
MinimumVisualStudioVersion = 10.0.40219.1
Project("{FAE04EC0-301F-11D3-BF4B-00C04F79EFBC}") = "669. Trim a Binary Search Tree", "669. Trim a Binary Search Tree\669. Trim a Binary Search Tree.csproj", "{831BFEBE-82C0-4B99-93E2-AD04DD720C3C}"
EndProject
Project("{FAE04EC0-301F-11D3-BF4B-00C04F79EFBC}") = "UnitTestProject1", "UnitTestProject1\UnitTestProject1.csproj", "{BC5CD4BD-A6BC-4EB4-A4BC-5DAF911C2EFD}"
EndProject
Global
	GlobalSection(SolutionConfigurationPlatforms) = preSolution
		Debug|Any CPU = Debug|Any CPU
		Release|Any CPU = Release|Any CPU
	EndGlobalSection
	GlobalSection(ProjectConfigurationPlatforms) = postSolution
		{831BFEBE-82C0-4B99-93E2-AD04DD720C3C}.Debug|Any CPU.ActiveCfg = Debug|Any CPU
		{831BFEBE-82C0-4B99-93E2-AD04DD720C3C}.Debug|Any CPU.Build.0 = Debug|Any CPU
		{831BFEBE-82C0-4B99-93E2-AD04DD720C3C}.Release|Any CPU.ActiveCfg = Release|Any CPU
		{831BFEBE-82C0-4B99-93E2-AD04DD720C3C}.Release|Any CPU.Build.0 = Release|Any CPU
		{BC5CD4BD-A6BC-4EB4-A4BC-5DAF911C2EFD}.Debug|Any CPU.ActiveCfg = Debug|Any CPU
		{BC5CD4BD-A6BC-4EB4-A4BC-5DAF911C2EFD}.Debug|Any CPU.Build.0 = Debug|Any CPU
		{BC5CD4BD-A6BC-4EB4-A4BC-5DAF911C2EFD}.Release|Any CPU.ActiveCfg = Release|Any CPU
		{BC5CD4BD-A6BC-4EB4-A4BC-5DAF911C2EFD}.Release|Any CPU.Build.0 = Release|Any CPU
	EndGlobalSection
	GlobalSection(SolutionProperties) = preSolution
		HideSolutionNode = FALSE
	EndGlobalSection
	GlobalSection(ExtensibilityGlobals) = postSolution
		SolutionGuid = {6BDB6513-8F63-4429-B3B7-BA0A12FB6DB7}
	EndGlobalSection
EndGlobal
